# THIS IS AN AUTOGENERATED FILE. DO NOT EDIT THIS FILE DIRECTLY.
# yarn lockfile v1


"@scarf/scarf@^1.0.4":
  version "1.0.5"
  resolved "https://registry.yarnpkg.com/@scarf/scarf/-/scarf-1.0.5.tgz#accee0bce88a9047672f7c8faf3cada59c996b81"
  integrity sha512-9WKaGVpQH905Aqkk+BczFEeLQxS07rl04afFRPUG9IcSlOwmo5EVVuuNu0d4M9LMYucObvK0LoAe+5HfMW2QhQ==

react-table@^7.1.0:
  version "7.1.0"
  resolved "https://registry.yarnpkg.com/react-table/-/react-table-7.1.0.tgz#c975cd67e917c54190b6c9df29f085285b0c3f4e"
  integrity sha512-AZpgW0Xpo6Z7jxXZIBovzCGoYVkuBwATsJh7X4+JXwq9JtDaorOmxWC9gKx5Hui4d+n+I99enyyJS+LRtKydxA==
  dependencies:
    "@scarf/scarf" "^1.0.4"
